
Microsoft Visual Studio Solution File, Format Version 12.00
# Visual Studio 15
VisualStudioVersion = 15.0.28307.902
MinimumVisualStudioVersion = 10.0.40219.1
Project("{FAE04EC0-301F-11D3-BF4B-00C04F79EFBC}") = "CropImage", "CropImage\CropImage.csproj", "{55B4BB2C-D67A-46DE-BDB1-B4824103F581}"
EndProject
Project("{9A19103F-16F7-4668-BE54-9A1E7A4F7556}") = "AnalysisImagePixel", "..\..\..\NugetDlls\AnalysisImagePixel\AnalysisImagePixel.csproj", "{B77252EC-CA08-411E-BCE9-7CE8442BBF8B}"
EndProject
Project("{FAE04EC0-301F-11D3-BF4B-00C04F79EFBC}") = "ConsoleApp1", "ConsoleApp1\ConsoleApp1.csproj", "{3949AA4D-C293-4FAA-ABEB-59939A271772}"
EndProject
Global
	GlobalSection(SolutionConfigurationPlatforms) = preSolution
		Debug|Any CPU = Debug|Any CPU
		Debug|ARM = Debug|ARM
		Debug|ARM64 = Debug|ARM64
		Debug|x64 = Debug|x64
		Debug|x86 = Debug|x86
		Release|Any CPU = Release|Any CPU
		Release|ARM = Release|ARM
		Release|ARM64 = Release|ARM64
		Release|x64 = Release|x64
		Release|x86 = Release|x86
	EndGlobalSection
	GlobalSection(ProjectConfigurationPlatforms) = postSolution
		{55B4BB2C-D67A-46DE-BDB1-B4824103F581}.Debug|Any CPU.ActiveCfg = Debug|x86
		{55B4BB2C-D67A-46DE-BDB1-B4824103F581}.Debug|ARM.ActiveCfg = Debug|ARM
		{55B4BB2C-D67A-46DE-BDB1-B4824103F581}.Debug|ARM.Build.0 = Debug|ARM
		{55B4BB2C-D67A-46DE-BDB1-B4824103F581}.Debug|ARM.Deploy.0 = Debug|ARM
		{55B4BB2C-D67A-46DE-BDB1-B4824103F581}.Debug|ARM64.ActiveCfg = Debug|ARM64
		{55B4BB2C-D67A-46DE-BDB1-B4824103F581}.Debug|ARM64.Build.0 = Debug|ARM64
		{55B4BB2C-D67A-46DE-BDB1-B4824103F581}.Debug|ARM64.Deploy.0 = Debug|ARM64
		{55B4BB2C-D67A-46DE-BDB1-B4824103F581}.Debug|x64.ActiveCfg = Debug|x64
		{55B4BB2C-D67A-46DE-BDB1-B4824103F581}.Debug|x64.Build.0 = Debug|x64
		{55B4BB2C-D67A-46DE-BDB1-B4824103F581}.Debug|x64.Deploy.0 = Debug|x64
		{55B4BB2C-D67A-46DE-BDB1-B4824103F581}.Debug|x86.ActiveCfg = Debug|x86
		{55B4BB2C-D67A-46DE-BDB1-B4824103F581}.Debug|x86.Build.0 = Debug|x86
		{55B4BB2C-D67A-46DE-BDB1-B4824103F581}.Debug|x86.Deploy.0 = Debug|x86
		{55B4BB2C-D67A-46DE-BDB1-B4824103F581}.Release|Any CPU.ActiveCfg = Release|x86
		{55B4BB2C-D67A-46DE-BDB1-B4824103F581}.Release|ARM.ActiveCfg = Release|ARM
		{55B4BB2C-D67A-46DE-BDB1-B4824103F581}.Release|ARM.Build.0 = Release|ARM
		{55B4BB2C-D67A-46DE-BDB1-B4824103F581}.Release|ARM.Deploy.0 = Release|ARM
		{55B4BB2C-D67A-46DE-BDB1-B4824103F581}.Release|ARM64.ActiveCfg = Release|ARM64
		{55B4BB2C-D67A-46DE-BDB1-B4824103F581}.Release|ARM64.Build.0 = Release|ARM64
		{55B4BB2C-D67A-46DE-BDB1-B4824103F581}.Release|ARM64.Deploy.0 = Release|ARM64
		{55B4BB2C-D67A-46DE-BDB1-B4824103F581}.Release|x64.ActiveCfg = Release|x64
		{55B4BB2C-D67A-46DE-BDB1-B4824103F581}.Release|x64.Build.0 = Release|x64
		{55B4BB2C-D67A-46DE-BDB1-B4824103F581}.Release|x64.Deploy.0 = Release|x64
		{55B4BB2C-D67A-46DE-BDB1-B4824103F581}.Release|x86.ActiveCfg = Release|x86
		{55B4BB2C-D67A-46DE-BDB1-B4824103F581}.Release|x86.Build.0 = Release|x86
		{55B4BB2C-D67A-46DE-BDB1-B4824103F581}.Release|x86.Deploy.0 = Release|x86
		{B77252EC-CA08-411E-BCE9-7CE8442BBF8B}.Debug|Any CPU.ActiveCfg = Debug|Any CPU
		{B77252EC-CA08-411E-BCE9-7CE8442BBF8B}.Debug|Any CPU.Build.0 = Debug|Any CPU
		{B77252EC-CA08-411E-BCE9-7CE8442BBF8B}.Debug|ARM.ActiveCfg = Debug|Any CPU
		{B77252EC-CA08-411E-BCE9-7CE8442BBF8B}.Debug|ARM.Build.0 = Debug|Any CPU
		{B77252EC-CA08-411E-BCE9-7CE8442BBF8B}.Debug|ARM64.ActiveCfg = Debug|Any CPU
		{B77252EC-CA08-411E-BCE9-7CE8442BBF8B}.Debug|ARM64.Build.0 = Debug|Any CPU
		{B77252EC-CA08-411E-BCE9-7CE8442BBF8B}.Debug|x64.ActiveCfg = Debug|Any CPU
		{B77252EC-CA08-411E-BCE9-7CE8442BBF8B}.Debug|x64.Build.0 = Debug|Any CPU
		{B77252EC-CA08-411E-BCE9-7CE8442BBF8B}.Debug|x86.ActiveCfg = Debug|Any CPU
		{B77252EC-CA08-411E-BCE9-7CE8442BBF8B}.Debug|x86.Build.0 = Debug|Any CPU
		{B77252EC-CA08-411E-BCE9-7CE8442BBF8B}.Release|Any CPU.ActiveCfg = Release|Any CPU
		{B77252EC-CA08-411E-BCE9-7CE8442BBF8B}.Release|Any CPU.Build.0 = Release|Any CPU
		{B77252EC-CA08-411E-BCE9-7CE8442BBF8B}.Release|ARM.ActiveCfg = Release|Any CPU
		{B77252EC-CA08-411E-BCE9-7CE8442BBF8B}.Release|ARM.Build.0 = Release|Any CPU
		{B77252EC-CA08-411E-BCE9-7CE8442BBF8B}.Release|ARM64.ActiveCfg = Release|Any CPU
		{B77252EC-CA08-411E-BCE9-7CE8442BBF8B}.Release|ARM64.Build.0 = Release|Any CPU
		{B77252EC-CA08-411E-BCE9-7CE8442BBF8B}.Release|x64.ActiveCfg = Release|Any CPU
		{B77252EC-CA08-411E-BCE9-7CE8442BBF8B}.Release|x64.Build.0 = Release|Any CPU
		{B77252EC-CA08-411E-BCE9-7CE8442BBF8B}.Release|x86.ActiveCfg = Release|Any CPU
		{B77252EC-CA08-411E-BCE9-7CE8442BBF8B}.Release|x86.Build.0 = Release|Any CPU
		{3949AA4D-C293-4FAA-ABEB-59939A271772}.Debug|Any CPU.ActiveCfg = Debug|Any CPU
		{3949AA4D-C293-4FAA-ABEB-59939A271772}.Debug|Any CPU.Build.0 = Debug|Any CPU
		{3949AA4D-C293-4FAA-ABEB-59939A271772}.Debug|ARM.ActiveCfg = Debug|Any CPU
		{3949AA4D-C293-4FAA-ABEB-59939A271772}.Debug|ARM.Build.0 = Debug|Any CPU
		{3949AA4D-C293-4FAA-ABEB-59939A271772}.Debug|ARM64.ActiveCfg = Debug|Any CPU
		{3949AA4D-C293-4FAA-ABEB-59939A271772}.Debug|ARM64.Build.0 = Debug|Any CPU
		{3949AA4D-C293-4FAA-ABEB-59939A271772}.Debug|x64.ActiveCfg = Debug|Any CPU
		{3949AA4D-C293-4FAA-ABEB-59939A271772}.Debug|x64.Build.0 = Debug|Any CPU
		{3949AA4D-C293-4FAA-ABEB-59939A271772}.Debug|x86.ActiveCfg = Debug|Any CPU
		{3949AA4D-C293-4FAA-ABEB-59939A271772}.Debug|x86.Build.0 = Debug|Any CPU
		{3949AA4D-C293-4FAA-ABEB-59939A271772}.Release|Any CPU.ActiveCfg = Release|Any CPU
		{3949AA4D-C293-4FAA-ABEB-59939A271772}.Release|Any CPU.Build.0 = Release|Any CPU
		{3949AA4D-C293-4FAA-ABEB-59939A271772}.Release|ARM.ActiveCfg = Release|Any CPU
		{3949AA4D-C293-4FAA-ABEB-59939A271772}.Release|ARM.Build.0 = Release|Any CPU
		{3949AA4D-C293-4FAA-ABEB-59939A271772}.Release|ARM64.ActiveCfg = Release|Any CPU
		{3949AA4D-C293-4FAA-ABEB-59939A271772}.Release|ARM64.Build.0 = Release|Any CPU
		{3949AA4D-C293-4FAA-ABEB-59939A271772}.Release|x64.ActiveCfg = Release|Any CPU
		{3949AA4D-C293-4FAA-ABEB-59939A271772}.Release|x64.Build.0 = Release|Any CPU
		{3949AA4D-C293-4FAA-ABEB-59939A271772}.Release|x86.ActiveCfg = Release|Any CPU
		{3949AA4D-C293-4FAA-ABEB-59939A271772}.Release|x86.Build.0 = Release|Any CPU
	EndGlobalSection
	GlobalSection(SolutionProperties) = preSolution
		HideSolutionNode = FALSE
	EndGlobalSection
	GlobalSection(ExtensibilityGlobals) = postSolution
		SolutionGuid = {6C9E7979-80C3-4FB0-8E5F-2A84D1232CFF}
	EndGlobalSection
EndGlobal
